schema: '2.0'
stages:
  evaluate:
    cmd: python src/evaluate.py
    deps:
    - path: artifacts/X_test_cnn.npy
      hash: md5
      md5: 4bf282be5dda32c631b8ec4d810bc337
      size: 9213632
    - path: artifacts/feature_columns.json
      hash: md5
      md5: 1b0a8488b0775b7d653b2cf4a57a300a
      size: 4410
    - path: artifacts/training_history.json
      hash: md5
      md5: 41ec9457dea6c158f6a8be12074d94ad
      size: 1864
    - path: artifacts/y_test.npy
      hash: md5
      md5: 9ad2bb29b351f2532c348daa09a36d78
      size: 24632
    - path: models/model.keras
      hash: md5
      md5: 4c3c2325ff1509846c565e3764e8be14
      size: 10392927
    - path: params.yaml
      hash: md5
      md5: 9d84324d340384ef51a0156d90a1b125
      size: 1570
    - path: src/evaluate.py
      hash: md5
      md5: 7fd8110d3013b81a1a40bc67cedfc636
      size: 8822
    - path: test/test.csv
      hash: md5
      md5: a3dc7d3471ad115369678efab4513c3e
      size: 3194261
    outs:
    - path: metrics.json
      hash: md5
      md5: 399e5da22cc7b30e5a232152c6c71ae2
      size: 594
  train:
    cmd: python src/model.py
    deps:
    - path: params.yaml
      hash: md5
      md5: 9d84324d340384ef51a0156d90a1b125
      size: 1570
    - path: src/model.py
      hash: md5
      md5: 5bea379a023b5712650983fc305d8a47
      size: 15223
    - path: train/train.csv
      hash: md5
      md5: a2cce4f0c3eec04be8c9288a4c539af9
      size: 42526503
    outs:
    - path: artifacts/X_test_cnn.npy
      hash: md5
      md5: 925b3930bf4dd87a77d983b7b3680493
      size: 22076800
    - path: artifacts/training_history.json
      hash: md5
      md5: 747f9c768061f6fb4a24536cd615129d
      size: 1267
    - path: artifacts/y_test.npy
      hash: md5
      md5: 8d56390ce2f78d01143a0a72cf34beb5
      size: 1379920
    - path: models/model.keras
      hash: md5
      md5: 1c12ac18b3c21ff56a4e483cd61dff21
      size: 1550179
